
Microsoft Visual Studio Solution File, Format Version 12.00
# Visual Studio Version 17
VisualStudioVersion = 17.1.32414.318
MinimumVisualStudioVersion = 10.0.40219.1
Project("{FAE04EC0-301F-11D3-BF4B-00C04F79EFBC}") = "TrešāsLekcijasMājasdarbs", "TrešāsLekcijasMājasdarbs\TrešāsLekcijasMājasdarbs.csproj", "{D9993AB8-8EDB-414E-A9BA-2D40EFF03C81}"
EndProject
Project("{2150E333-8FDC-42A3-9474-1A3956D46DE8}") = "Solution Items", "Solution Items", "{CEB6A600-C4AB-43D1-936B-A3723245B3D7}"
	ProjectSection(SolutionItems) = preProject
		.editorconfig = .editorconfig
	EndProjectSection
EndProject
Global
	GlobalSection(SolutionConfigurationPlatforms) = preSolution
		Debug|Any CPU = Debug|Any CPU
		Release|Any CPU = Release|Any CPU
	EndGlobalSection
	GlobalSection(ProjectConfigurationPlatforms) = postSolution
		{D9993AB8-8EDB-414E-A9BA-2D40EFF03C81}.Debug|Any CPU.ActiveCfg = Debug|Any CPU
		{D9993AB8-8EDB-414E-A9BA-2D40EFF03C81}.Debug|Any CPU.Build.0 = Debug|Any CPU
		{D9993AB8-8EDB-414E-A9BA-2D40EFF03C81}.Release|Any CPU.ActiveCfg = Release|Any CPU
		{D9993AB8-8EDB-414E-A9BA-2D40EFF03C81}.Release|Any CPU.Build.0 = Release|Any CPU
	EndGlobalSection
	GlobalSection(SolutionProperties) = preSolution
		HideSolutionNode = FALSE
	EndGlobalSection
	GlobalSection(ExtensibilityGlobals) = postSolution
		SolutionGuid = {BD68F160-E87D-4F5D-9AE4-1F802A033793}
	EndGlobalSection
EndGlobal
