
Microsoft Visual Studio Solution File, Format Version 12.00
# Visual Studio Version 17
VisualStudioVersion = 17.0.31912.275
MinimumVisualStudioVersion = 10.0.40219.1
Project("{FAE04EC0-301F-11D3-BF4B-00C04F79EFBC}") = "OtrāsLekcijasMājasdarbs", "OtrāsLekcijasMājasdarbs\OtrāsLekcijasMājasdarbs.csproj", "{E7938094-DEB1-457F-96B5-22F416240EDE}"
EndProject
Global
	GlobalSection(SolutionConfigurationPlatforms) = preSolution
		Debug|Any CPU = Debug|Any CPU
		Release|Any CPU = Release|Any CPU
	EndGlobalSection
	GlobalSection(ProjectConfigurationPlatforms) = postSolution
		{E7938094-DEB1-457F-96B5-22F416240EDE}.Debug|Any CPU.ActiveCfg = Debug|Any CPU
		{E7938094-DEB1-457F-96B5-22F416240EDE}.Debug|Any CPU.Build.0 = Debug|Any CPU
		{E7938094-DEB1-457F-96B5-22F416240EDE}.Release|Any CPU.ActiveCfg = Release|Any CPU
		{E7938094-DEB1-457F-96B5-22F416240EDE}.Release|Any CPU.Build.0 = Release|Any CPU
	EndGlobalSection
	GlobalSection(SolutionProperties) = preSolution
		HideSolutionNode = FALSE
	EndGlobalSection
	GlobalSection(ExtensibilityGlobals) = postSolution
		SolutionGuid = {6721DB0E-7E4C-4715-ABBA-52EA65FEB81A}
	EndGlobalSection
EndGlobal
